// !$*UTF8*$!
{
	archiveVersion = 1;
	classes = {
	};
	objectVersion = 46;
	objects = {

/* Begin PBXBuildFile section */
		5AC4FF5D1A89FD4300DB25C1 /* main.c in Sources */ = {isa = PBXBuildFile; fileRef = 5AC4FF5C1A89FD4300DB25C1 /* main.c */; };
		5AC4FF681A8A115700DB25C1 /* divider.c in Sources */ = {isa = PBXBuildFile; fileRef = 5AC4FF661A8A115700DB25C1 /* divider.c */; };
		5AC4FF6B1A8A11FA00DB25C1 /* test_divider.c in Sources */ = {isa = PBXBuildFile; fileRef = 5AC4FF691A8A11FA00DB25C1 /* test_divider.c */; };
/* End PBXBuildFile section */

/* Begin PBXCopyFilesBuildPhase section */
		5AC4FF571A89FD4300DB25C1 /* CopyFiles */ = {
			isa = PBXCopyFilesBuildPhase;
			buildActionMask = 2147483647;
			dstPath = /usr/share/man/man1/;
			dstSubfolderSpec = 0;
			files = (
			);
			runOnlyForDeploymentPostprocessing = 1;
		};
/* End PBXCopyFilesBuildPhase section */

/* Begin PBXFileReference section */
		5AC4FF591A89FD4300DB25C1 /* task1 */ = {isa = PBXFileReference; explicitFileType = "compiled.mach-o.executable"; includeInIndex = 0; path = task1; sourceTree = BUILT_PRODUCTS_DIR; };
		5AC4FF5C1A89FD4300DB25C1 /* main.c */ = {isa = PBXFileReference; lastKnownFileType = sourcecode.c.c; path = main.c; sourceTree = "<group>"; wrapsLines = 1; };
		5AC4FF661A8A115700DB25C1 /* divider.c */ = {isa = PBXFileReference; fileEncoding = 4; lastKnownFileType = sourcecode.c.c; path = divider.c; sourceTree = "<group>"; };
		5AC4FF671A8A115700DB25C1 /* divider.h */ = {isa = PBXFileReference; fileEncoding = 4; lastKnownFileType = sourcecode.c.h; path = divider.h; sourceTree = "<group>"; };
		5AC4FF691A8A11FA00DB25C1 /* test_divider.c */ = {isa = PBXFileReference; fileEncoding = 4; lastKnownFileType = sourcecode.c.c; path = test_divider.c; sourceTree = "<group>"; };
		5AC4FF6A1A8A11FA00DB25C1 /* test_divider.h */ = {isa = PBXFileReference; fileEncoding = 4; lastKnownFileType = sourcecode.c.h; path = test_divider.h; sourceTree = "<group>"; };
/* End PBXFileReference section */

/* Begin PBXFrameworksBuildPhase section */
		5AC4FF561A89FD4300DB25C1 /* Frameworks */ = {
			isa = PBXFrameworksBuildPhase;
			buildActionMask = 2147483647;
			files = (
			);
			runOnlyForDeploymentPostprocessing = 0;
		};
/* End PBXFrameworksBuildPhase section */

/* Begin PBXGroup section */
		5AC4FF501A89FD4300DB25C1 = {
			isa = PBXGroup;
			children = (
				5AC4FF5B1A89FD4300DB25C1 /* task1 */,
				5AC4FF5A1A89FD4300DB25C1 /* Products */,
			);
			sourceTree = "<group>";
		};
		5AC4FF5A1A89FD4300DB25C1 /* Products */ = {
			isa = PBXGroup;
			children = (
				5AC4FF591A89FD4300DB25C1 /* task1 */,
			);
			name = Products;
			sourceTree = "<group>";
		};
		5AC4FF5B1A89FD4300DB25C1 /* task1 */ = {
			isa = PBXGroup;
			children = (
				5AC4FF5C1A89FD4300DB25C1 /* main.c */,
				5AC4FF661A8A115700DB25C1 /* divider.c */,
				5AC4FF671A8A115700DB25C1 /* divider.h */,
				5AC4FF691A8A11FA00DB25C1 /* test_divider.c */,
				5AC4FF6A1A8A11FA00DB25C1 /* test_divider.h */,
			);
			path = task1;
			sourceTree = "<group>";
		};
/* End PBXGroup section */

/* Begin PBXNativeTarget section */
		5AC4FF581A89FD4300DB25C1 /* task1 */ = {
			isa = PBXNativeTarget;
			buildConfigurationList = 5AC4FF601A89FD4300DB25C1 /* Build configuration list for PBXNativeTarget "task1" */;
			buildPhases = (
				5AC4FF551A89FD4300DB25C1 /* Sources */,
				5AC4FF561A89FD4300DB25C1 /* Frameworks */,
				5AC4FF571A89FD4300DB25C1 /* CopyFiles */,
			);
			buildRules = (
			);
			dependencies = (
			);
			name = task1;
			productName = task1;
			productReference = 5AC4FF591A89FD4300DB25C1 /* task1 */;
			productType = "com.apple.product-type.tool";
		};
/* End PBXNativeTarget section */

/* Begin PBXProject section */
		5AC4FF511A89FD4300DB25C1 /* Project object */ = {
			isa = PBXProject;
			attributes = {
				LastUpgradeCheck = 0610;
				ORGANIZATIONNAME = YURII;
				TargetAttributes = {
					5AC4FF581A89FD4300DB25C1 = {
						CreatedOnToolsVersion = 6.1.1;
					};
				};
			};
			buildConfigurationList = 5AC4FF541A89FD4300DB25C1 /* Build configuration list for PBXProject "task1" */;
			compatibilityVersion = "Xcode 3.2";
			developmentRegion = English;
			hasScannedForEncodings = 0;
			knownRegions = (
				en,
			);
			mainGroup = 5AC4FF501A89FD4300DB25C1;
			productRefGroup = 5AC4FF5A1A89FD4300DB25C1 /* Products */;
			projectDirPath = "";
			projectRoot = "";
			targets = (
				5AC4FF581A89FD4300DB25C1 /* task1 */,
			);
		};
/* End PBXProject section */

/* Begin PBXSourcesBuildPhase section */
		5AC4FF551A89FD4300DB25C1 /* Sources */ = {
			isa = PBXSourcesBuildPhase;
			buildActionMask = 2147483647;
			files = (
				5AC4FF6B1A8A11FA00DB25C1 /* test_divider.c in Sources */,
				5AC4FF5D1A89FD4300DB25C1 /* main.c in Sources */,
				5AC4FF681A8A115700DB25C1 /* divider.c in Sources */,
			);
			runOnlyForDeploymentPostprocessing = 0;
		};
/* End PBXSourcesBuildPhase section */

/* Begin XCBuildConfiguration section */
		5AC4FF5E1A89FD4300DB25C1 /* Debug */ = {
			isa = XCBuildConfiguration;
			buildSettings = {
				ALWAYS_SEARCH_USER_PATHS = NO;
				CLANG_CXX_LANGUAGE_STANDARD = "gnu++0x";
				CLANG_CXX_LIBRARY = "libc++";
				CLANG_ENABLE_MODULES = YES;
				CLANG_ENABLE_OBJC_ARC = YES;
				CLANG_WARN_BOOL_CONVERSION = YES;
				CLANG_WARN_CONSTANT_CONVERSION = YES;
				CLANG_WARN_DIRECT_OBJC_ISA_USAGE = YES_ERROR;
				CLANG_WARN_EMPTY_BODY = YES;
				CLANG_WARN_ENUM_CONVERSION = YES;
				CLANG_WARN_INT_CONVERSION = YES;
				CLANG_WARN_OBJC_ROOT_CLASS = YES_ERROR;
				CLANG_WARN_UNREACHABLE_CODE = YES;
				CLANG_WARN__DUPLICATE_METHOD_MATCH = YES;
				COPY_PHASE_STRIP = NO;
				ENABLE_STRICT_OBJC_MSGSEND = YES;
				GCC_C_LANGUAGE_STANDARD = gnu99;
				GCC_DYNAMIC_NO_PIC = NO;
				GCC_OPTIMIZATION_LEVEL = 0;
				GCC_PREPROCESSOR_DEFINITIONS = (
					"DEBUG=1",
					"$(inherited)",
				);
				GCC_SYMBOLS_PRIVATE_EXTERN = NO;
				GCC_WARN_64_TO_32_BIT_CONVERSION = YES;
				GCC_WARN_ABOUT_RETURN_TYPE = YES_ERROR;
				GCC_WARN_UNDECLARED_SELECTOR = YES;
				GCC_WARN_UNINITIALIZED_AUTOS = YES_AGGRESSIVE;
				GCC_WARN_UNUSED_FUNCTION = YES;
				GCC_WARN_UNUSED_VARIABLE = YES;
				MACOSX_DEPLOYMENT_TARGET = 10.9;
				MTL_ENABLE_DEBUG_INFO = YES;
				ONLY_ACTIVE_ARCH = YES;
				SDKROOT = macosx;
			};
			name = Debug;
		};
		5AC4FF5F1A89FD4300DB25C1 /* Release */ = {
			isa = XCBuildConfiguration;
			buildSettings = {
				ALWAYS_SEARCH_USER_PATHS = NO;
				CLANG_CXX_LANGUAGE_STANDARD = "gnu++0x";
				CLANG_CXX_LIBRARY = "libc++";
				CLANG_ENABLE_MODULES = YES;
				CLANG_ENABLE_OBJC_ARC = YES;
				CLANG_WARN_BOOL_CONVERSION = YES;
				CLANG_WARN_CONSTANT_CONVERSION = YES;
				CLANG_WARN_DIRECT_OBJC_ISA_USAGE = YES_ERROR;
				CLANG_WARN_EMPTY_BODY = YES;
				CLANG_WARN_ENUM_CONVERSION = YES;
				CLANG_WARN_INT_CONVERSION = YES;
				CLANG_WARN_OBJC_ROOT_CLASS = YES_ERROR;
				CLANG_WARN_UNREACHABLE_CODE = YES;
				CLANG_WARN__DUPLICATE_METHOD_MATCH = YES;
				COPY_PHASE_STRIP = YES;
				DEBUG_INFORMATION_FORMAT = "dwarf-with-dsym";
				ENABLE_NS_ASSERTIONS = NO;
				ENABLE_STRICT_OBJC_MSGSEND = YES;
				GCC_C_LANGUAGE_STANDARD = gnu99;
				GCC_WARN_64_TO_32_BIT_CONVERSION = YES;
				GCC_WARN_ABOUT_RETURN_TYPE = YES_ERROR;
				GCC_WARN_UNDECLARED_SELECTOR = YES;
				GCC_WARN_UNINITIALIZED_AUTOS = YES_AGGRESSIVE;
				GCC_WARN_UNUSED_FUNCTION = YES;
				GCC_WARN_UNUSED_VARIABLE = YES;
				MACOSX_DEPLOYMENT_TARGET = 10.9;
				MTL_ENABLE_DEBUG_INFO = NO;
				SDKROOT = macosx;
			};
			name = Release;
		};
		5AC4FF611A89FD4300DB25C1 /* Debug */ = {
			isa = XCBuildConfiguration;
			buildSettings = {
				PRODUCT_NAME = "$(TARGET_NAME)";
			};
			name = Debug;
		};
		5AC4FF621A89FD4300DB25C1 /* Release */ = {
			isa = XCBuildConfiguration;
			buildSettings = {
				PRODUCT_NAME = "$(TARGET_NAME)";
			};
			name = Release;
		};
/* End XCBuildConfiguration section */

/* Begin XCConfigurationList section */
		5AC4FF541A89FD4300DB25C1 /* Build configuration list for PBXProject "task1" */ = {
			isa = XCConfigurationList;
			buildConfigurations = (
				5AC4FF5E1A89FD4300DB25C1 /* Debug */,
				5AC4FF5F1A89FD4300DB25C1 /* Release */,
			);
			defaultConfigurationIsVisible = 0;
			defaultConfigurationName = Release;
		};
		5AC4FF601A89FD4300DB25C1 /* Build configuration list for PBXNativeTarget "task1" */ = {
			isa = XCConfigurationList;
			buildConfigurations = (
				5AC4FF611A89FD4300DB25C1 /* Debug */,
				5AC4FF621A89FD4300DB25C1 /* Release */,
			);
			defaultConfigurationIsVisible = 0;
		};
/* End XCConfigurationList section */
	};
	rootObject = 5AC4FF511A89FD4300DB25C1 /* Project object */;
}
